// !$*UTF8*$!
{
	archiveVersion = 1;
	classes = {
	};
	objectVersion = 46;
	objects = {

/* Begin PBXBuildFile section */
		9475A4481F6FB24E007AB367 /* main.m in Sources */ = {isa = PBXBuildFile; fileRef = 9475A4471F6FB24E007AB367 /* main.m */; };
		9475A44B1F6FB24E007AB367 /* AppDelegate.m in Sources */ = {isa = PBXBuildFile; fileRef = 9475A44A1F6FB24E007AB367 /* AppDelegate.m */; };
		9475A44E1F6FB24E007AB367 /* ViewController.m in Sources */ = {isa = PBXBuildFile; fileRef = 9475A44D1F6FB24E007AB367 /* ViewController.m */; };
		9475A4511F6FB24E007AB367 /* Main.storyboard in Resources */ = {isa = PBXBuildFile; fileRef = 9475A44F1F6FB24E007AB367 /* Main.storyboard */; };
		9475A4531F6FB24E007AB367 /* Assets.xcassets in Resources */ = {isa = PBXBuildFile; fileRef = 9475A4521F6FB24E007AB367 /* Assets.xcassets */; };
		9475A4561F6FB24E007AB367 /* LaunchScreen.storyboard in Resources */ = {isa = PBXBuildFile; fileRef = 9475A4541F6FB24E007AB367 /* LaunchScreen.storyboard */; };
		9475A4B01F6FB264007AB367 /* CBCollectionView.m in Sources */ = {isa = PBXBuildFile; fileRef = 9475A4601F6FB264007AB367 /* CBCollectionView.m */; };
		9475A4B11F6FB264007AB367 /* CBCollectionViewAdapter+collectionViewDelegate.m in Sources */ = {isa = PBXBuildFile; fileRef = 9475A4621F6FB264007AB367 /* CBCollectionViewAdapter+collectionViewDelegate.m */; };
		9475A4B21F6FB264007AB367 /* CBCollectionViewAdapter+context.m in Sources */ = {isa = PBXBuildFile; fileRef = 9475A4641F6FB264007AB367 /* CBCollectionViewAdapter+context.m */; };
		9475A4B31F6FB264007AB367 /* CBCollectionViewAdapter+scrollViewDelegate.m in Sources */ = {isa = PBXBuildFile; fileRef = 9475A4661F6FB264007AB367 /* CBCollectionViewAdapter+scrollViewDelegate.m */; };
		9475A4B41F6FB264007AB367 /* CBCollectionViewAdapter.m in Sources */ = {isa = PBXBuildFile; fileRef = 9475A4681F6FB264007AB367 /* CBCollectionViewAdapter.m */; };
		9475A4B51F6FB264007AB367 /* CBCollectionViewAdapterHelper.m in Sources */ = {isa = PBXBuildFile; fileRef = 9475A46B1F6FB264007AB367 /* CBCollectionViewAdapterHelper.m */; };
		9475A4B61F6FB264007AB367 /* CBCollectionViewDelegateProxy.m in Sources */ = {isa = PBXBuildFile; fileRef = 9475A46E1F6FB264007AB367 /* CBCollectionViewDelegateProxy.m */; };
		9475A4B71F6FB264007AB367 /* CBCollectionViewSectionController.m in Sources */ = {isa = PBXBuildFile; fileRef = 9475A4711F6FB264007AB367 /* CBCollectionViewSectionController.m */; };
		9475A4B81F6FB264007AB367 /* CBPhotoBrowserAssetModel.m in Sources */ = {isa = PBXBuildFile; fileRef = 9475A4741F6FB264007AB367 /* CBPhotoBrowserAssetModel.m */; };
		9475A4B91F6FB264007AB367 /* CBPhotoBrowserScrollView+scrollViewDelegate.m in Sources */ = {isa = PBXBuildFile; fileRef = 9475A4761F6FB264007AB367 /* CBPhotoBrowserScrollView+scrollViewDelegate.m */; };
		9475A4BA1F6FB264007AB367 /* CBPhotoBrowserScrollView.m in Sources */ = {isa = PBXBuildFile; fileRef = 9475A4781F6FB264007AB367 /* CBPhotoBrowserScrollView.m */; };
		9475A4BB1F6FB264007AB367 /* CBPhotoBrowserScrollViewCell+scrollViewDelegate.m in Sources */ = {isa = PBXBuildFile; fileRef = 9475A47A1F6FB264007AB367 /* CBPhotoBrowserScrollViewCell+scrollViewDelegate.m */; };
		9475A4BC1F6FB264007AB367 /* CBPhotoBrowserScrollViewCell.m in Sources */ = {isa = PBXBuildFile; fileRef = 9475A47C1F6FB264007AB367 /* CBPhotoBrowserScrollViewCell.m */; };
		9475A4BD1F6FB264007AB367 /* CBPhotoSelecterAlbumButtonSectionView.m in Sources */ = {isa = PBXBuildFile; fileRef = 9475A4811F6FB264007AB367 /* CBPhotoSelecterAlbumButtonSectionView.m */; };
		9475A4BE1F6FB264007AB367 /* CBPhotoSelecterAlbumModel.m in Sources */ = {isa = PBXBuildFile; fileRef = 9475A4831F6FB264007AB367 /* CBPhotoSelecterAlbumModel.m */; };
		9475A4BF1F6FB264007AB367 /* CBPhotoSelecterAlbumSectionView.m in Sources */ = {isa = PBXBuildFile; fileRef = 9475A4851F6FB264007AB367 /* CBPhotoSelecterAlbumSectionView.m */; };
		9475A4C01F6FB264007AB367 /* CBPhotoSelecterAlbumSectionViewCell.m in Sources */ = {isa = PBXBuildFile; fileRef = 9475A4871F6FB264007AB367 /* CBPhotoSelecterAlbumSectionViewCell.m */; };
		9475A4C11F6FB264007AB367 /* CBPhotoSelecterAlbumView.m in Sources */ = {isa = PBXBuildFile; fileRef = 9475A4891F6FB264007AB367 /* CBPhotoSelecterAlbumView.m */; };
		9475A4C21F6FB264007AB367 /* CBPhotoSelecterAssetCollectionSectionView.m in Sources */ = {isa = PBXBuildFile; fileRef = 9475A48B1F6FB264007AB367 /* CBPhotoSelecterAssetCollectionSectionView.m */; };
		9475A4C31F6FB264007AB367 /* CBPhotoSelecterAssetModel.m in Sources */ = {isa = PBXBuildFile; fileRef = 9475A48D1F6FB264007AB367 /* CBPhotoSelecterAssetModel.m */; };
		9475A4C41F6FB264007AB367 /* CBPhotoSelecterAssetSectionView.m in Sources */ = {isa = PBXBuildFile; fileRef = 9475A48F1F6FB264007AB367 /* CBPhotoSelecterAssetSectionView.m */; };
		9475A4C51F6FB264007AB367 /* CBPhotoSelecterAssetSectionViewCell.m in Sources */ = {isa = PBXBuildFile; fileRef = 9475A4911F6FB264007AB367 /* CBPhotoSelecterAssetSectionViewCell.m */; };
		9475A4C61F6FB264007AB367 /* CBPhotoSelecterController.m in Sources */ = {isa = PBXBuildFile; fileRef = 9475A4931F6FB264007AB367 /* CBPhotoSelecterController.m */; };
		9475A4C71F6FB264007AB367 /* CBPhotoSelecterPermissionView.m in Sources */ = {isa = PBXBuildFile; fileRef = 9475A4961F6FB264007AB367 /* CBPhotoSelecterPermissionView.m */; };
		9475A4C81F6FB264007AB367 /* CBPhotoSelecterPhotoLibrary.m in Sources */ = {isa = PBXBuildFile; fileRef = 9475A4981F6FB264007AB367 /* CBPhotoSelecterPhotoLibrary.m */; };
		9475A4C91F6FB264007AB367 /* CBPhotoSelecterPreCollectionSectionView.m in Sources */ = {isa = PBXBuildFile; fileRef = 9475A49A1F6FB264007AB367 /* CBPhotoSelecterPreCollectionSectionView.m */; };
		9475A4CA1F6FB264007AB367 /* CBPhotoSelecterPreSectionView.m in Sources */ = {isa = PBXBuildFile; fileRef = 9475A49C1F6FB264007AB367 /* CBPhotoSelecterPreSectionView.m */; };
		9475A4CB1F6FB264007AB367 /* CBPhotoSelecterPreSectionViewCell.m in Sources */ = {isa = PBXBuildFile; fileRef = 9475A49E1F6FB264007AB367 /* CBPhotoSelecterPreSectionViewCell.m */; };
		9475A4CC1F6FB264007AB367 /* CBPhotoSelecterTitleView.m in Sources */ = {isa = PBXBuildFile; fileRef = 9475A4A01F6FB264007AB367 /* CBPhotoSelecterTitleView.m */; };
		9475A4CD1F6FB264007AB367 /* CBPic2kerAlbumButton.m in Sources */ = {isa = PBXBuildFile; fileRef = 9475A4A11F6FB264007AB367 /* CBPic2kerAlbumButton.m */; };
		9475A4CE1F6FB264007AB367 /* CBPic2kerPicker.bundle in Resources */ = {isa = PBXBuildFile; fileRef = 9475A4A31F6FB264007AB367 /* CBPic2kerPicker.bundle */; };
		9475A4CF1F6FB264007AB367 /* NSArray+CBPic2ker.m in Sources */ = {isa = PBXBuildFile; fileRef = 9475A4A71F6FB264007AB367 /* NSArray+CBPic2ker.m */; };
		9475A4D01F6FB264007AB367 /* UIColor+CBPic2ker.m in Sources */ = {isa = PBXBuildFile; fileRef = 9475A4A91F6FB264007AB367 /* UIColor+CBPic2ker.m */; };
		9475A4D11F6FB264007AB367 /* UIImage+CBPic2ker.m in Sources */ = {isa = PBXBuildFile; fileRef = 9475A4AB1F6FB264007AB367 /* UIImage+CBPic2ker.m */; };
		9475A4D21F6FB264007AB367 /* UINavigationController+CBPic2ker.m in Sources */ = {isa = PBXBuildFile; fileRef = 9475A4AD1F6FB264007AB367 /* UINavigationController+CBPic2ker.m */; };
		9475A4D31F6FB264007AB367 /* UIView+CBPic2ker.m in Sources */ = {isa = PBXBuildFile; fileRef = 9475A4AF1F6FB264007AB367 /* UIView+CBPic2ker.m */; };
/* End PBXBuildFile section */

/* Begin PBXFileReference section */
		9475A4431F6FB24E007AB367 /* ImagePickerDemo.app */ = {isa = PBXFileReference; explicitFileType = wrapper.application; includeInIndex = 0; path = ImagePickerDemo.app; sourceTree = BUILT_PRODUCTS_DIR; };
		9475A4471F6FB24E007AB367 /* main.m */ = {isa = PBXFileReference; lastKnownFileType = sourcecode.c.objc; path = main.m; sourceTree = "<group>"; };
		9475A4491F6FB24E007AB367 /* AppDelegate.h */ = {isa = PBXFileReference; lastKnownFileType = sourcecode.c.h; path = AppDelegate.h; sourceTree = "<group>"; };
		9475A44A1F6FB24E007AB367 /* AppDelegate.m */ = {isa = PBXFileReference; lastKnownFileType = sourcecode.c.objc; path = AppDelegate.m; sourceTree = "<group>"; };
		9475A44C1F6FB24E007AB367 /* ViewController.h */ = {isa = PBXFileReference; lastKnownFileType = sourcecode.c.h; path = ViewController.h; sourceTree = "<group>"; };
		9475A44D1F6FB24E007AB367 /* ViewController.m */ = {isa = PBXFileReference; lastKnownFileType = sourcecode.c.objc; path = ViewController.m; sourceTree = "<group>"; };
		9475A4501F6FB24E007AB367 /* Base */ = {isa = PBXFileReference; lastKnownFileType = file.storyboard; name = Base; path = Base.lproj/Main.storyboard; sourceTree = "<group>"; };
		9475A4521F6FB24E007AB367 /* Assets.xcassets */ = {isa = PBXFileReference; lastKnownFileType = folder.assetcatalog; path = Assets.xcassets; sourceTree = "<group>"; };
		9475A4551F6FB24E007AB367 /* Base */ = {isa = PBXFileReference; lastKnownFileType = file.storyboard; name = Base; path = Base.lproj/LaunchScreen.storyboard; sourceTree = "<group>"; };
		9475A4571F6FB24E007AB367 /* Info.plist */ = {isa = PBXFileReference; lastKnownFileType = text.plist.xml; path = Info.plist; sourceTree = "<group>"; };
		9475A45F1F6FB264007AB367 /* CBCollectionView.h */ = {isa = PBXFileReference; fileEncoding = 4; lastKnownFileType = sourcecode.c.h; path = CBCollectionView.h; sourceTree = "<group>"; };
		9475A4601F6FB264007AB367 /* CBCollectionView.m */ = {isa = PBXFileReference; fileEncoding = 4; lastKnownFileType = sourcecode.c.objc; path = CBCollectionView.m; sourceTree = "<group>"; };
		9475A4611F6FB264007AB367 /* CBCollectionViewAdapter+collectionViewDelegate.h */ = {isa = PBXFileReference; fileEncoding = 4; lastKnownFileType = sourcecode.c.h; path = "CBCollectionViewAdapter+collectionViewDelegate.h"; sourceTree = "<group>"; };
		9475A4621F6FB264007AB367 /* CBCollectionViewAdapter+collectionViewDelegate.m */ = {isa = PBXFileReference; fileEncoding = 4; lastKnownFileType = sourcecode.c.objc; path = "CBCollectionViewAdapter+collectionViewDelegate.m"; sourceTree = "<group>"; };
		9475A4631F6FB264007AB367 /* CBCollectionViewAdapter+context.h */ = {isa = PBXFileReference; fileEncoding = 4; lastKnownFileType = sourcecode.c.h; path = "CBCollectionViewAdapter+context.h"; sourceTree = "<group>"; };
		9475A4641F6FB264007AB367 /* CBCollectionViewAdapter+context.m */ = {isa = PBXFileReference; fileEncoding = 4; lastKnownFileType = sourcecode.c.objc; path = "CBCollectionViewAdapter+context.m"; sourceTree = "<group>"; };
		9475A4651F6FB264007AB367 /* CBCollectionViewAdapter+scrollViewDelegate.h */ = {isa = PBXFileReference; fileEncoding = 4; lastKnownFileType = sourcecode.c.h; path = "CBCollectionViewAdapter+scrollViewDelegate.h"; sourceTree = "<group>"; };
		9475A4661F6FB264007AB367 /* CBCollectionViewAdapter+scrollViewDelegate.m */ = {isa = PBXFileReference; fileEncoding = 4; lastKnownFileType = sourcecode.c.objc; path = "CBCollectionViewAdapter+scrollViewDelegate.m"; sourceTree = "<group>"; };
		9475A4671F6FB264007AB367 /* CBCollectionViewAdapter.h */ = {isa = PBXFileReference; fileEncoding = 4; lastKnownFileType = sourcecode.c.h; path = CBCollectionViewAdapter.h; sourceTree = "<group>"; };
		9475A4681F6FB264007AB367 /* CBCollectionViewAdapter.m */ = {isa = PBXFileReference; fileEncoding = 4; lastKnownFileType = sourcecode.c.objc; path = CBCollectionViewAdapter.m; sourceTree = "<group>"; };
		9475A4691F6FB264007AB367 /* CBCollectionViewAdapterDataSource.h */ = {isa = PBXFileReference; fileEncoding = 4; lastKnownFileType = sourcecode.c.h; path = CBCollectionViewAdapterDataSource.h; sourceTree = "<group>"; };
		9475A46A1F6FB264007AB367 /* CBCollectionViewAdapterHelper.h */ = {isa = PBXFileReference; fileEncoding = 4; lastKnownFileType = sourcecode.c.h; path = CBCollectionViewAdapterHelper.h; sourceTree = "<group>"; };
		9475A46B1F6FB264007AB367 /* CBCollectionViewAdapterHelper.m */ = {isa = PBXFileReference; fileEncoding = 4; lastKnownFileType = sourcecode.c.objc; path = CBCollectionViewAdapterHelper.m; sourceTree = "<group>"; };
		9475A46C1F6FB264007AB367 /* CBCollectionViewContextProtocol.h */ = {isa = PBXFileReference; fileEncoding = 4; lastKnownFileType = sourcecode.c.h; path = CBCollectionViewContextProtocol.h; sourceTree = "<group>"; };
		9475A46D1F6FB264007AB367 /* CBCollectionViewDelegateProxy.h */ = {isa = PBXFileReference; fileEncoding = 4; lastKnownFileType = sourcecode.c.h; path = CBCollectionViewDelegateProxy.h; sourceTree = "<group>"; };
		9475A46E1F6FB264007AB367 /* CBCollectionViewDelegateProxy.m */ = {isa = PBXFileReference; fileEncoding = 4; lastKnownFileType = sourcecode.c.objc; path = CBCollectionViewDelegateProxy.m; sourceTree = "<group>"; };
		9475A46F1F6FB264007AB367 /* CBCollectionViewScrollDelegate.h */ = {isa = PBXFileReference; fileEncoding = 4; lastKnownFileType = sourcecode.c.h; path = CBCollectionViewScrollDelegate.h; sourceTree = "<group>"; };
		9475A4701F6FB264007AB367 /* CBCollectionViewSectionController.h */ = {isa = PBXFileReference; fileEncoding = 4; lastKnownFileType = sourcecode.c.h; path = CBCollectionViewSectionController.h; sourceTree = "<group>"; };
		9475A4711F6FB264007AB367 /* CBCollectionViewSectionController.m */ = {isa = PBXFileReference; fileEncoding = 4; lastKnownFileType = sourcecode.c.objc; path = CBCollectionViewSectionController.m; sourceTree = "<group>"; };
		9475A4731F6FB264007AB367 /* CBPhotoBrowserAssetModel.h */ = {isa = PBXFileReference; fileEncoding = 4; lastKnownFileType = sourcecode.c.h; path = CBPhotoBrowserAssetModel.h; sourceTree = "<group>"; };
		9475A4741F6FB264007AB367 /* CBPhotoBrowserAssetModel.m */ = {isa = PBXFileReference; fileEncoding = 4; lastKnownFileType = sourcecode.c.objc; path = CBPhotoBrowserAssetModel.m; sourceTree = "<group>"; };
		9475A4751F6FB264007AB367 /* CBPhotoBrowserScrollView+scrollViewDelegate.h */ = {isa = PBXFileReference; fileEncoding = 4; lastKnownFileType = sourcecode.c.h; path = "CBPhotoBrowserScrollView+scrollViewDelegate.h"; sourceTree = "<group>"; };
		9475A4761F6FB264007AB367 /* CBPhotoBrowserScrollView+scrollViewDelegate.m */ = {isa = PBXFileReference; fileEncoding = 4; lastKnownFileType = sourcecode.c.objc; path = "CBPhotoBrowserScrollView+scrollViewDelegate.m"; sourceTree = "<group>"; };
		9475A4771F6FB264007AB367 /* CBPhotoBrowserScrollView.h */ = {isa = PBXFileReference; fileEncoding = 4; lastKnownFileType = sourcecode.c.h; path = CBPhotoBrowserScrollView.h; sourceTree = "<group>"; };
		9475A4781F6FB264007AB367 /* CBPhotoBrowserScrollView.m */ = {isa = PBXFileReference; fileEncoding = 4; lastKnownFileType = sourcecode.c.objc; path = CBPhotoBrowserScrollView.m; sourceTree = "<group>"; };
		9475A4791F6FB264007AB367 /* CBPhotoBrowserScrollViewCell+scrollViewDelegate.h */ = {isa = PBXFileReference; fileEncoding = 4; lastKnownFileType = sourcecode.c.h; path = "CBPhotoBrowserScrollViewCell+scrollViewDelegate.h"; sourceTree = "<group>"; };
		9475A47A1F6FB264007AB367 /* CBPhotoBrowserScrollViewCell+scrollViewDelegate.m */ = {isa = PBXFileReference; fileEncoding = 4; lastKnownFileType = sourcecode.c.objc; path = "CBPhotoBrowserScrollViewCell+scrollViewDelegate.m"; sourceTree = "<group>"; };
		9475A47B1F6FB264007AB367 /* CBPhotoBrowserScrollViewCell.h */ = {isa = PBXFileReference; fileEncoding = 4; lastKnownFileType = sourcecode.c.h; path = CBPhotoBrowserScrollViewCell.h; sourceTree = "<group>"; };
		9475A47C1F6FB264007AB367 /* CBPhotoBrowserScrollViewCell.m */ = {isa = PBXFileReference; fileEncoding = 4; lastKnownFileType = sourcecode.c.objc; path = CBPhotoBrowserScrollViewCell.m; sourceTree = "<group>"; };
		9475A47D1F6FB264007AB367 /* CBPhotoBrowserScrollViewDelegate.h */ = {isa = PBXFileReference; fileEncoding = 4; lastKnownFileType = sourcecode.c.h; path = CBPhotoBrowserScrollViewDelegate.h; sourceTree = "<group>"; };
		9475A47F1F6FB264007AB367 /* CBPhotoSelecterAlbumButton.h */ = {isa = PBXFileReference; fileEncoding = 4; lastKnownFileType = sourcecode.c.h; path = CBPhotoSelecterAlbumButton.h; sourceTree = "<group>"; };
		9475A4801F6FB264007AB367 /* CBPhotoSelecterAlbumButtonSectionView.h */ = {isa = PBXFileReference; fileEncoding = 4; lastKnownFileType = sourcecode.c.h; path = CBPhotoSelecterAlbumButtonSectionView.h; sourceTree = "<group>"; };
		9475A4811F6FB264007AB367 /* CBPhotoSelecterAlbumButtonSectionView.m */ = {isa = PBXFileReference; fileEncoding = 4; lastKnownFileType = sourcecode.c.objc; path = CBPhotoSelecterAlbumButtonSectionView.m; sourceTree = "<group>"; };
		9475A4821F6FB264007AB367 /* CBPhotoSelecterAlbumModel.h */ = {isa = PBXFileReference; fileEncoding = 4; lastKnownFileType = sourcecode.c.h; path = CBPhotoSelecterAlbumModel.h; sourceTree = "<group>"; };
		9475A4831F6FB264007AB367 /* CBPhotoSelecterAlbumModel.m */ = {isa = PBXFileReference; fileEncoding = 4; lastKnownFileType = sourcecode.c.objc; path = CBPhotoSelecterAlbumModel.m; sourceTree = "<group>"; };
		9475A4841F6FB264007AB367 /* CBPhotoSelecterAlbumSectionView.h */ = {isa = PBXFileReference; fileEncoding = 4; lastKnownFileType = sourcecode.c.h; path = CBPhotoSelecterAlbumSectionView.h; sourceTree = "<group>"; };
		9475A4851F6FB264007AB367 /* CBPhotoSelecterAlbumSectionView.m */ = {isa = PBXFileReference; fileEncoding = 4; lastKnownFileType = sourcecode.c.objc; path = CBPhotoSelecterAlbumSectionView.m; sourceTree = "<group>"; };
		9475A4861F6FB264007AB367 /* CBPhotoSelecterAlbumSectionViewCell.h */ = {isa = PBXFileReference; fileEncoding = 4; lastKnownFileType = sourcecode.c.h; path = CBPhotoSelecterAlbumSectionViewCell.h; sourceTree = "<group>"; };
		9475A4871F6FB264007AB367 /* CBPhotoSelecterAlbumSectionViewCell.m */ = {isa = PBXFileReference; fileEncoding = 4; lastKnownFileType = sourcecode.c.objc; path = CBPhotoSelecterAlbumSectionViewCell.m; sourceTree = "<group>"; };
		9475A4881F6FB264007AB367 /* CBPhotoSelecterAlbumView.h */ = {isa = PBXFileReference; fileEncoding = 4; lastKnownFileType = sourcecode.c.h; path = CBPhotoSelecterAlbumView.h; sourceTree = "<group>"; };
		9475A4891F6FB264007AB367 /* CBPhotoSelecterAlbumView.m */ = {isa = PBXFileReference; fileEncoding = 4; lastKnownFileType = sourcecode.c.objc; path = CBPhotoSelecterAlbumView.m; sourceTree = "<group>"; };
		9475A48A1F6FB264007AB367 /* CBPhotoSelecterAssetCollectionSectionView.h */ = {isa = PBXFileReference; fileEncoding = 4; lastKnownFileType = sourcecode.c.h; path = CBPhotoSelecterAssetCollectionSectionView.h; sourceTree = "<group>"; };
		9475A48B1F6FB264007AB367 /* CBPhotoSelecterAssetCollectionSectionView.m */ = {isa = PBXFileReference; fileEncoding = 4; lastKnownFileType = sourcecode.c.objc; path = CBPhotoSelecterAssetCollectionSectionView.m; sourceTree = "<group>"; };
		9475A48C1F6FB264007AB367 /* CBPhotoSelecterAssetModel.h */ = {isa = PBXFileReference; fileEncoding = 4; lastKnownFileType = sourcecode.c.h; path = CBPhotoSelecterAssetModel.h; sourceTree = "<group>"; };
		9475A48D1F6FB264007AB367 /* CBPhotoSelecterAssetModel.m */ = {isa = PBXFileReference; fileEncoding = 4; lastKnownFileType = sourcecode.c.objc; path = CBPhotoSelecterAssetModel.m; sourceTree = "<group>"; };
		9475A48E1F6FB264007AB367 /* CBPhotoSelecterAssetSectionView.h */ = {isa = PBXFileReference; fileEncoding = 4; lastKnownFileType = sourcecode.c.h; path = CBPhotoSelecterAssetSectionView.h; sourceTree = "<group>"; };
		9475A48F1F6FB264007AB367 /* CBPhotoSelecterAssetSectionView.m */ = {isa = PBXFileReference; fileEncoding = 4; lastKnownFileType = sourcecode.c.objc; path = CBPhotoSelecterAssetSectionView.m; sourceTree = "<group>"; };
		9475A4901F6FB264007AB367 /* CBPhotoSelecterAssetSectionViewCell.h */ = {isa = PBXFileReference; fileEncoding = 4; lastKnownFileType = sourcecode.c.h; path = CBPhotoSelecterAssetSectionViewCell.h; sourceTree = "<group>"; };
		9475A4911F6FB264007AB367 /* CBPhotoSelecterAssetSectionViewCell.m */ = {isa = PBXFileReference; fileEncoding = 4; lastKnownFileType = sourcecode.c.objc; path = CBPhotoSelecterAssetSectionViewCell.m; sourceTree = "<group>"; };
		9475A4921F6FB264007AB367 /* CBPhotoSelecterController.h */ = {isa = PBXFileReference; fileEncoding = 4; lastKnownFileType = sourcecode.c.h; path = CBPhotoSelecterController.h; sourceTree = "<group>"; };
		9475A4931F6FB264007AB367 /* CBPhotoSelecterController.m */ = {isa = PBXFileReference; fileEncoding = 4; lastKnownFileType = sourcecode.c.objc; path = CBPhotoSelecterController.m; sourceTree = "<group>"; };
		9475A4941F6FB264007AB367 /* CBPhotoSelecterControllerDelegate.h */ = {isa = PBXFileReference; fileEncoding = 4; lastKnownFileType = sourcecode.c.h; path = CBPhotoSelecterControllerDelegate.h; sourceTree = "<group>"; };
		9475A4951F6FB264007AB367 /* CBPhotoSelecterPermissionView.h */ = {isa = PBXFileReference; fileEncoding = 4; lastKnownFileType = sourcecode.c.h; path = CBPhotoSelecterPermissionView.h; sourceTree = "<group>"; };
		9475A4961F6FB264007AB367 /* CBPhotoSelecterPermissionView.m */ = {isa = PBXFileReference; fileEncoding = 4; lastKnownFileType = sourcecode.c.objc; path = CBPhotoSelecterPermissionView.m; sourceTree = "<group>"; };
		9475A4971F6FB264007AB367 /* CBPhotoSelecterPhotoLibrary.h */ = {isa = PBXFileReference; fileEncoding = 4; lastKnownFileType = sourcecode.c.h; path = CBPhotoSelecterPhotoLibrary.h; sourceTree = "<group>"; };
		9475A4981F6FB264007AB367 /* CBPhotoSelecterPhotoLibrary.m */ = {isa = PBXFileReference; fileEncoding = 4; lastKnownFileType = sourcecode.c.objc; path = CBPhotoSelecterPhotoLibrary.m; sourceTree = "<group>"; };
		9475A4991F6FB264007AB367 /* CBPhotoSelecterPreCollectionSectionView.h */ = {isa = PBXFileReference; fileEncoding = 4; lastKnownFileType = sourcecode.c.h; path = CBPhotoSelecterPreCollectionSectionView.h; sourceTree = "<group>"; };
		9475A49A1F6FB264007AB367 /* CBPhotoSelecterPreCollectionSectionView.m */ = {isa = PBXFileReference; fileEncoding = 4; lastKnownFileType = sourcecode.c.objc; path = CBPhotoSelecterPreCollectionSectionView.m; sourceTree = "<group>"; };
		9475A49B1F6FB264007AB367 /* CBPhotoSelecterPreSectionView.h */ = {isa = PBXFileReference; fileEncoding = 4; lastKnownFileType = sourcecode.c.h; path = CBPhotoSelecterPreSectionView.h; sourceTree = "<group>"; };
		9475A49C1F6FB264007AB367 /* CBPhotoSelecterPreSectionView.m */ = {isa = PBXFileReference; fileEncoding = 4; lastKnownFileType = sourcecode.c.objc; path = CBPhotoSelecterPreSectionView.m; sourceTree = "<group>"; };
		9475A49D1F6FB264007AB367 /* CBPhotoSelecterPreSectionViewCell.h */ = {isa = PBXFileReference; fileEncoding = 4; lastKnownFileType = sourcecode.c.h; path = CBPhotoSelecterPreSectionViewCell.h; sourceTree = "<group>"; };
		9475A49E1F6FB264007AB367 /* CBPhotoSelecterPreSectionViewCell.m */ = {isa = PBXFileReference; fileEncoding = 4; lastKnownFileType = sourcecode.c.objc; path = CBPhotoSelecterPreSectionViewCell.m; sourceTree = "<group>"; };
		9475A49F1F6FB264007AB367 /* CBPhotoSelecterTitleView.h */ = {isa = PBXFileReference; fileEncoding = 4; lastKnownFileType = sourcecode.c.h; path = CBPhotoSelecterTitleView.h; sourceTree = "<group>"; };
		9475A4A01F6FB264007AB367 /* CBPhotoSelecterTitleView.m */ = {isa = PBXFileReference; fileEncoding = 4; lastKnownFileType = sourcecode.c.objc; path = CBPhotoSelecterTitleView.m; sourceTree = "<group>"; };
		9475A4A11F6FB264007AB367 /* CBPic2kerAlbumButton.m */ = {isa = PBXFileReference; fileEncoding = 4; lastKnownFileType = sourcecode.c.objc; path = CBPic2kerAlbumButton.m; sourceTree = "<group>"; };
		9475A4A21F6FB264007AB367 /* CBPic2ker.h */ = {isa = PBXFileReference; fileEncoding = 4; lastKnownFileType = sourcecode.c.h; path = CBPic2ker.h; sourceTree = "<group>"; };
		9475A4A31F6FB264007AB367 /* CBPic2kerPicker.bundle */ = {isa = PBXFileReference; lastKnownFileType = "wrapper.plug-in"; path = CBPic2kerPicker.bundle; sourceTree = "<group>"; };
		9475A4A61F6FB264007AB367 /* NSArray+CBPic2ker.h */ = {isa = PBXFileReference; fileEncoding = 4; lastKnownFileType = sourcecode.c.h; path = "NSArray+CBPic2ker.h"; sourceTree = "<group>"; };
		9475A4A71F6FB264007AB367 /* NSArray+CBPic2ker.m */ = {isa = PBXFileReference; fileEncoding = 4; lastKnownFileType = sourcecode.c.objc; path = "NSArray+CBPic2ker.m"; sourceTree = "<group>"; };
		9475A4A81F6FB264007AB367 /* UIColor+CBPic2ker.h */ = {isa = PBXFileReference; fileEncoding = 4; lastKnownFileType = sourcecode.c.h; path = "UIColor+CBPic2ker.h"; sourceTree = "<group>"; };
		9475A4A91F6FB264007AB367 /* UIColor+CBPic2ker.m */ = {isa = PBXFileReference; fileEncoding = 4; lastKnownFileType = sourcecode.c.objc; path = "UIColor+CBPic2ker.m"; sourceTree = "<group>"; };
		9475A4AA1F6FB264007AB367 /* UIImage+CBPic2ker.h */ = {isa = PBXFileReference; fileEncoding = 4; lastKnownFileType = sourcecode.c.h; path = "UIImage+CBPic2ker.h"; sourceTree = "<group>"; };
		9475A4AB1F6FB264007AB367 /* UIImage+CBPic2ker.m */ = {isa = PBXFileReference; fileEncoding = 4; lastKnownFileType = sourcecode.c.objc; path = "UIImage+CBPic2ker.m"; sourceTree = "<group>"; };
		9475A4AC1F6FB264007AB367 /* UINavigationController+CBPic2ker.h */ = {isa = PBXFileReference; fileEncoding = 4; lastKnownFileType = sourcecode.c.h; path = "UINavigationController+CBPic2ker.h"; sourceTree = "<group>"; };
		9475A4AD1F6FB264007AB367 /* UINavigationController+CBPic2ker.m */ = {isa = PBXFileReference; fileEncoding = 4; lastKnownFileType = sourcecode.c.objc; path = "UINavigationController+CBPic2ker.m"; sourceTree = "<group>"; };
		9475A4AE1F6FB264007AB367 /* UIView+CBPic2ker.h */ = {isa = PBXFileReference; fileEncoding = 4; lastKnownFileType = sourcecode.c.h; path = "UIView+CBPic2ker.h"; sourceTree = "<group>"; };
		9475A4AF1F6FB264007AB367 /* UIView+CBPic2ker.m */ = {isa = PBXFileReference; fileEncoding = 4; lastKnownFileType = sourcecode.c.objc; path = "UIView+CBPic2ker.m"; sourceTree = "<group>"; };
		9475A4D51F6FB550007AB367 /* libCBPic2ker.a */ = {isa = PBXFileReference; lastKnownFileType = archive.ar; name = libCBPic2ker.a; path = ../../../libCBPic2ker.a; sourceTree = "<group>"; };
		9475A4D61F6FB550007AB367 /* libPods-CBPic2ker.a */ = {isa = PBXFileReference; lastKnownFileType = archive.ar; name = "libPods-CBPic2ker.a"; path = "../../../libPods-CBPic2ker.a"; sourceTree = "<group>"; };
/* End PBXFileReference section */

/* Begin PBXGroup section */
		9475A43A1F6FB24E007AB367 = {
			isa = PBXGroup;
			children = (
				9475A4451F6FB24E007AB367 /* ImagePickerDemo */,
				9475A4441F6FB24E007AB367 /* Products */,
				9475A4D41F6FB550007AB367 /* Frameworks */,
			);
			sourceTree = "<group>";
		};
		9475A4441F6FB24E007AB367 /* Products */ = {
			isa = PBXGroup;
			children = (
				9475A4431F6FB24E007AB367 /* ImagePickerDemo.app */,
			);
			name = Products;
			sourceTree = "<group>";
		};
		9475A4451F6FB24E007AB367 /* ImagePickerDemo */ = {
			isa = PBXGroup;
			children = (
				9475A45D1F6FB264007AB367 /* CBPic2ker */,
				9475A4491F6FB24E007AB367 /* AppDelegate.h */,
				9475A44A1F6FB24E007AB367 /* AppDelegate.m */,
				9475A44C1F6FB24E007AB367 /* ViewController.h */,
				9475A44D1F6FB24E007AB367 /* ViewController.m */,
				9475A44F1F6FB24E007AB367 /* Main.storyboard */,
				9475A4521F6FB24E007AB367 /* Assets.xcassets */,
				9475A4541F6FB24E007AB367 /* LaunchScreen.storyboard */,
				9475A4571F6FB24E007AB367 /* Info.plist */,
				9475A4461F6FB24E007AB367 /* Supporting Files */,
			);
			path = ImagePickerDemo;
			sourceTree = "<group>";
		};
		9475A4461F6FB24E007AB367 /* Supporting Files */ = {
			isa = PBXGroup;
			children = (
				9475A4471F6FB24E007AB367 /* main.m */,
			);
			name = "Supporting Files";
			sourceTree = "<group>";
		};
		9475A45D1F6FB264007AB367 /* CBPic2ker */ = {
			isa = PBXGroup;
			children = (
				9475A45E1F6FB264007AB367 /* CBCollectionView */,
				9475A4721F6FB264007AB367 /* CBPhotoBrowser */,
				9475A47E1F6FB264007AB367 /* CBPhotoSelecter */,
				9475A4A21F6FB264007AB367 /* CBPic2ker.h */,
				9475A4A31F6FB264007AB367 /* CBPic2kerPicker.bundle */,
				9475A4A41F6FB264007AB367 /* Helper */,
			);
			path = CBPic2ker;
			sourceTree = "<group>";
		};
		9475A45E1F6FB264007AB367 /* CBCollectionView */ = {
			isa = PBXGroup;
			children = (
				9475A45F1F6FB264007AB367 /* CBCollectionView.h */,
				9475A4601F6FB264007AB367 /* CBCollectionView.m */,
				9475A4611F6FB264007AB367 /* CBCollectionViewAdapter+collectionViewDelegate.h */,
				9475A4621F6FB264007AB367 /* CBCollectionViewAdapter+collectionViewDelegate.m */,
				9475A4631F6FB264007AB367 /* CBCollectionViewAdapter+context.h */,
				9475A4641F6FB264007AB367 /* CBCollectionViewAdapter+context.m */,
				9475A4651F6FB264007AB367 /* CBCollectionViewAdapter+scrollViewDelegate.h */,
				9475A4661F6FB264007AB367 /* CBCollectionViewAdapter+scrollViewDelegate.m */,
				9475A4671F6FB264007AB367 /* CBCollectionViewAdapter.h */,
				9475A4681F6FB264007AB367 /* CBCollectionViewAdapter.m */,
				9475A4691F6FB264007AB367 /* CBCollectionViewAdapterDataSource.h */,
				9475A46A1F6FB264007AB367 /* CBCollectionViewAdapterHelper.h */,
				9475A46B1F6FB264007AB367 /* CBCollectionViewAdapterHelper.m */,
				9475A46C1F6FB264007AB367 /* CBCollectionViewContextProtocol.h */,
				9475A46D1F6FB264007AB367 /* CBCollectionViewDelegateProxy.h */,
				9475A46E1F6FB264007AB367 /* CBCollectionViewDelegateProxy.m */,
				9475A46F1F6FB264007AB367 /* CBCollectionViewScrollDelegate.h */,
				9475A4701F6FB264007AB367 /* CBCollectionViewSectionController.h */,
				9475A4711F6FB264007AB367 /* CBCollectionViewSectionController.m */,
			);
			path = CBCollectionView;
			sourceTree = "<group>";
		};
		9475A4721F6FB264007AB367 /* CBPhotoBrowser */ = {
			isa = PBXGroup;
			children = (
				9475A4731F6FB264007AB367 /* CBPhotoBrowserAssetModel.h */,
				9475A4741F6FB264007AB367 /* CBPhotoBrowserAssetModel.m */,
				9475A4751F6FB264007AB367 /* CBPhotoBrowserScrollView+scrollViewDelegate.h */,
				9475A4761F6FB264007AB367 /* CBPhotoBrowserScrollView+scrollViewDelegate.m */,
				9475A4771F6FB264007AB367 /* CBPhotoBrowserScrollView.h */,
				9475A4781F6FB264007AB367 /* CBPhotoBrowserScrollView.m */,
				9475A4791F6FB264007AB367 /* CBPhotoBrowserScrollViewCell+scrollViewDelegate.h */,
				9475A47A1F6FB264007AB367 /* CBPhotoBrowserScrollViewCell+scrollViewDelegate.m */,
				9475A47B1F6FB264007AB367 /* CBPhotoBrowserScrollViewCell.h */,
				9475A47C1F6FB264007AB367 /* CBPhotoBrowserScrollViewCell.m */,
				9475A47D1F6FB264007AB367 /* CBPhotoBrowserScrollViewDelegate.h */,
			);
			path = CBPhotoBrowser;
			sourceTree = "<group>";
		};
		9475A47E1F6FB264007AB367 /* CBPhotoSelecter */ = {
			isa = PBXGroup;
			children = (
				9475A47F1F6FB264007AB367 /* CBPhotoSelecterAlbumButton.h */,
				9475A4801F6FB264007AB367 /* CBPhotoSelecterAlbumButtonSectionView.h */,
				9475A4811F6FB264007AB367 /* CBPhotoSelecterAlbumButtonSectionView.m */,
				9475A4821F6FB264007AB367 /* CBPhotoSelecterAlbumModel.h */,
				9475A4831F6FB264007AB367 /* CBPhotoSelecterAlbumModel.m */,
				9475A4841F6FB264007AB367 /* CBPhotoSelecterAlbumSectionView.h */,
				9475A4851F6FB264007AB367 /* CBPhotoSelecterAlbumSectionView.m */,
				9475A4861F6FB264007AB367 /* CBPhotoSelecterAlbumSectionViewCell.h */,
				9475A4871F6FB264007AB367 /* CBPhotoSelecterAlbumSectionViewCell.m */,
				9475A4881F6FB264007AB367 /* CBPhotoSelecterAlbumView.h */,
				9475A4891F6FB264007AB367 /* CBPhotoSelecterAlbumView.m */,
				9475A48A1F6FB264007AB367 /* CBPhotoSelecterAssetCollectionSectionView.h */,
				9475A48B1F6FB264007AB367 /* CBPhotoSelecterAssetCollectionSectionView.m */,
				9475A48C1F6FB264007AB367 /* CBPhotoSelecterAssetModel.h */,
				9475A48D1F6FB264007AB367 /* CBPhotoSelecterAssetModel.m */,
				9475A48E1F6FB264007AB367 /* CBPhotoSelecterAssetSectionView.h */,
				9475A48F1F6FB264007AB367 /* CBPhotoSelecterAssetSectionView.m */,
				9475A4901F6FB264007AB367 /* CBPhotoSelecterAssetSectionViewCell.h */,
				9475A4911F6FB264007AB367 /* CBPhotoSelecterAssetSectionViewCell.m */,
				9475A4921F6FB264007AB367 /* CBPhotoSelecterController.h */,
				9475A4931F6FB264007AB367 /* CBPhotoSelecterController.m */,
				9475A4941F6FB264007AB367 /* CBPhotoSelecterControllerDelegate.h */,
				9475A4951F6FB264007AB367 /* CBPhotoSelecterPermissionView.h */,
				9475A4961F6FB264007AB367 /* CBPhotoSelecterPermissionView.m */,
				9475A4971F6FB264007AB367 /* CBPhotoSelecterPhotoLibrary.h */,
				9475A4981F6FB264007AB367 /* CBPhotoSelecterPhotoLibrary.m */,
				9475A4991F6FB264007AB367 /* CBPhotoSelecterPreCollectionSectionView.h */,
				9475A49A1F6FB264007AB367 /* CBPhotoSelecterPreCollectionSectionView.m */,
				9475A49B1F6FB264007AB367 /* CBPhotoSelecterPreSectionView.h */,
				9475A49C1F6FB264007AB367 /* CBPhotoSelecterPreSectionView.m */,
				9475A49D1F6FB264007AB367 /* CBPhotoSelecterPreSectionViewCell.h */,
				9475A49E1F6FB264007AB367 /* CBPhotoSelecterPreSectionViewCell.m */,
				9475A49F1F6FB264007AB367 /* CBPhotoSelecterTitleView.h */,
				9475A4A01F6FB264007AB367 /* CBPhotoSelecterTitleView.m */,
				9475A4A11F6FB264007AB367 /* CBPic2kerAlbumButton.m */,
			);
			path = CBPhotoSelecter;
			sourceTree = "<group>";
		};
		9475A4A41F6FB264007AB367 /* Helper */ = {
			isa = PBXGroup;
			children = (
				9475A4A51F6FB264007AB367 /* Categories */,
			);
			path = Helper;
			sourceTree = "<group>";
		};
		9475A4A51F6FB264007AB367 /* Categories */ = {
			isa = PBXGroup;
			children = (
				9475A4A61F6FB264007AB367 /* NSArray+CBPic2ker.h */,
				9475A4A71F6FB264007AB367 /* NSArray+CBPic2ker.m */,
				9475A4A81F6FB264007AB367 /* UIColor+CBPic2ker.h */,
				9475A4A91F6FB264007AB367 /* UIColor+CBPic2ker.m */,
				9475A4AA1F6FB264007AB367 /* UIImage+CBPic2ker.h */,
				9475A4AB1F6FB264007AB367 /* UIImage+CBPic2ker.m */,
				9475A4AC1F6FB264007AB367 /* UINavigationController+CBPic2ker.h */,
				9475A4AD1F6FB264007AB367 /* UINavigationController+CBPic2ker.m */,
				9475A4AE1F6FB264007AB367 /* UIView+CBPic2ker.h */,
				9475A4AF1F6FB264007AB367 /* UIView+CBPic2ker.m */,
			);
			path = Categories;
			sourceTree = "<group>";
		};
		9475A4D41F6FB550007AB367 /* Frameworks */ = {
			isa = PBXGroup;
			children = (
				9475A4D51F6FB550007AB367 /* libCBPic2ker.a */,
				9475A4D61F6FB550007AB367 /* libPods-CBPic2ker.a */,
			);
			name = Frameworks;
			sourceTree = "<group>";
		};
/* End PBXGroup section */

/* Begin PBXNativeTarget section */
		9475A4421F6FB24E007AB367 /* ImagePickerDemo */ = {
			isa = PBXNativeTarget;
			buildConfigurationList = 9475A45A1F6FB24F007AB367 /* Build configuration list for PBXNativeTarget "ImagePickerDemo" */;
			buildPhases = (
				9475A43F1F6FB24E007AB367 /* Sources */,
				9475A4411F6FB24E007AB367 /* Resources */,
			);
			buildRules = (
			);
			dependencies = (
			);
			name = ImagePickerDemo;
			productName = ImagePickerDemo;
			productReference = 9475A4431F6FB24E007AB367 /* ImagePickerDemo.app */;
			productType = "com.apple.product-type.application";
		};
/* End PBXNativeTarget section */

/* Begin PBXProject section */
		9475A43B1F6FB24E007AB367 /* Project object */ = {
			isa = PBXProject;
			attributes = {
				LastUpgradeCheck = 0830;
				ORGANIZATIONNAME = "融易乐";
				TargetAttributes = {
					9475A4421F6FB24E007AB367 = {
						CreatedOnToolsVersion = 8.3.2;
						DevelopmentTeam = VSKDT9875W;
						ProvisioningStyle = Automatic;
					};
				};
			};
			buildConfigurationList = 9475A43E1F6FB24E007AB367 /* Build configuration list for PBXProject "ImagePickerDemo" */;
			compatibilityVersion = "Xcode 3.2";
			developmentRegion = English;
			hasScannedForEncodings = 0;
			knownRegions = (
				en,
				Base,
			);
			mainGroup = 9475A43A1F6FB24E007AB367;
			productRefGroup = 9475A4441F6FB24E007AB367 /* Products */;
			projectDirPath = "";
			projectRoot = "";
			targets = (
				9475A4421F6FB24E007AB367 /* ImagePickerDemo */,
			);
		};
/* End PBXProject section */

/* Begin PBXResourcesBuildPhase section */
		9475A4411F6FB24E007AB367 /* Resources */ = {
			isa = PBXResourcesBuildPhase;
			buildActionMask = 2147483647;
			files = (
				9475A4561F6FB24E007AB367 /* LaunchScreen.storyboard in Resources */,
				9475A4CE1F6FB264007AB367 /* CBPic2kerPicker.bundle in Resources */,
				9475A4531F6FB24E007AB367 /* Assets.xcassets in Resources */,
				9475A4511F6FB24E007AB367 /* Main.storyboard in Resources */,
			);
			runOnlyForDeploymentPostprocessing = 0;
		};
/* End PBXResourcesBuildPhase section */

/* Begin PBXSourcesBuildPhase section */
		9475A43F1F6FB24E007AB367 /* Sources */ = {
			isa = PBXSourcesBuildPhase;
			buildActionMask = 2147483647;
			files = (
				9475A4B11F6FB264007AB367 /* CBCollectionViewAdapter+collectionViewDelegate.m in Sources */,
				9475A4BD1F6FB264007AB367 /* CBPhotoSelecterAlbumButtonSectionView.m in Sources */,
				9475A4B41F6FB264007AB367 /* CBCollectionViewAdapter.m in Sources */,
				9475A4B91F6FB264007AB367 /* CBPhotoBrowserScrollView+scrollViewDelegate.m in Sources */,
				9475A4CD1F6FB264007AB367 /* CBPic2kerAlbumButton.m in Sources */,
				9475A4D01F6FB264007AB367 /* UIColor+CBPic2ker.m in Sources */,
				9475A4B71F6FB264007AB367 /* CBCollectionViewSectionController.m in Sources */,
				9475A4B31F6FB264007AB367 /* CBCollectionViewAdapter+scrollViewDelegate.m in Sources */,
				9475A4D21F6FB264007AB367 /* UINavigationController+CBPic2ker.m in Sources */,
				9475A44E1F6FB24E007AB367 /* ViewController.m in Sources */,
				9475A4C01F6FB264007AB367 /* CBPhotoSelecterAlbumSectionViewCell.m in Sources */,
				9475A4BC1F6FB264007AB367 /* CBPhotoBrowserScrollViewCell.m in Sources */,
				9475A4B81F6FB264007AB367 /* CBPhotoBrowserAssetModel.m in Sources */,
				9475A4C11F6FB264007AB367 /* CBPhotoSelecterAlbumView.m in Sources */,
				9475A4B01F6FB264007AB367 /* CBCollectionView.m in Sources */,
				9475A4BA1F6FB264007AB367 /* CBPhotoBrowserScrollView.m in Sources */,
				9475A4C71F6FB264007AB367 /* CBPhotoSelecterPermissionView.m in Sources */,
				9475A4C91F6FB264007AB367 /* CBPhotoSelecterPreCollectionSectionView.m in Sources */,
				9475A4B51F6FB264007AB367 /* CBCollectionViewAdapterHelper.m in Sources */,
				9475A4C21F6FB264007AB367 /* CBPhotoSelecterAssetCollectionSectionView.m in Sources */,
				9475A4BB1F6FB264007AB367 /* CBPhotoBrowserScrollViewCell+scrollViewDelegate.m in Sources */,
				9475A4BF1F6FB264007AB367 /* CBPhotoSelecterAlbumSectionView.m in Sources */,
				9475A4CF1F6FB264007AB367 /* NSArray+CBPic2ker.m in Sources */,
				9475A44B1F6FB24E007AB367 /* AppDelegate.m in Sources */,
				9475A4C51F6FB264007AB367 /* CBPhotoSelecterAssetSectionViewCell.m in Sources */,
				9475A4481F6FB24E007AB367 /* main.m in Sources */,
				9475A4CB1F6FB264007AB367 /* CBPhotoSelecterPreSectionViewCell.m in Sources */,
				9475A4B21F6FB264007AB367 /* CBCollectionViewAdapter+context.m in Sources */,
				9475A4D11F6FB264007AB367 /* UIImage+CBPic2ker.m in Sources */,
				9475A4CC1F6FB264007AB367 /* CBPhotoSelecterTitleView.m in Sources */,
				9475A4BE1F6FB264007AB367 /* CBPhotoSelecterAlbumModel.m in Sources */,
				9475A4C61F6FB264007AB367 /* CBPhotoSelecterController.m in Sources */,
				9475A4D31F6FB264007AB367 /* UIView+CBPic2ker.m in Sources */,
				9475A4CA1F6FB264007AB367 /* CBPhotoSelecterPreSectionView.m in Sources */,
				9475A4B61F6FB264007AB367 /* CBCollectionViewDelegateProxy.m in Sources */,
				9475A4C81F6FB264007AB367 /* CBPhotoSelecterPhotoLibrary.m in Sources */,
				9475A4C41F6FB264007AB367 /* CBPhotoSelecterAssetSectionView.m in Sources */,
				9475A4C31F6FB264007AB367 /* CBPhotoSelecterAssetModel.m in Sources */,
			);
			runOnlyForDeploymentPostprocessing = 0;
		};
/* End PBXSourcesBuildPhase section */

/* Begin PBXVariantGroup section */
		9475A44F1F6FB24E007AB367 /* Main.storyboard */ = {
			isa = PBXVariantGroup;
			children = (
				9475A4501F6FB24E007AB367 /* Base */,
			);
			name = Main.storyboard;
			sourceTree = "<group>";
		};
		9475A4541F6FB24E007AB367 /* LaunchScreen.storyboard */ = {
			isa = PBXVariantGroup;
			children = (
				9475A4551F6FB24E007AB367 /* Base */,
			);
			name = LaunchScreen.storyboard;
			sourceTree = "<group>";
		};
/* End PBXVariantGroup section */

/* Begin XCBuildConfiguration section */
		9475A4581F6FB24E007AB367 /* Debug */ = {
			isa = XCBuildConfiguration;
			buildSettings = {
				ALWAYS_SEARCH_USER_PATHS = NO;
				CLANG_ANALYZER_NONNULL = YES;
				CLANG_ANALYZER_NUMBER_OBJECT_CONVERSION = YES_AGGRESSIVE;
				CLANG_CXX_LANGUAGE_STANDARD = "gnu++0x";
				CLANG_CXX_LIBRARY = "libc++";
				CLANG_ENABLE_MODULES = YES;
				CLANG_ENABLE_OBJC_ARC = YES;
				CLANG_WARN_BOOL_CONVERSION = YES;
				CLANG_WARN_CONSTANT_CONVERSION = YES;
				CLANG_WARN_DIRECT_OBJC_ISA_USAGE = YES_ERROR;
				CLANG_WARN_DOCUMENTATION_COMMENTS = YES;
				CLANG_WARN_EMPTY_BODY = YES;
				CLANG_WARN_ENUM_CONVERSION = YES;
				CLANG_WARN_INFINITE_RECURSION = YES;
				CLANG_WARN_INT_CONVERSION = YES;
				CLANG_WARN_OBJC_ROOT_CLASS = YES_ERROR;
				CLANG_WARN_SUSPICIOUS_MOVE = YES;
				CLANG_WARN_UNREACHABLE_CODE = YES;
				CLANG_WARN__DUPLICATE_METHOD_MATCH = YES;
				"CODE_SIGN_IDENTITY[sdk=iphoneos*]" = "iPhone Developer";
				COPY_PHASE_STRIP = NO;
				DEBUG_INFORMATION_FORMAT = dwarf;
				ENABLE_STRICT_OBJC_MSGSEND = YES;
				ENABLE_TESTABILITY = YES;
				GCC_C_LANGUAGE_STANDARD = gnu99;
				GCC_DYNAMIC_NO_PIC = NO;
				GCC_NO_COMMON_BLOCKS = YES;
				GCC_OPTIMIZATION_LEVEL = 0;
				GCC_PREPROCESSOR_DEFINITIONS = (
					"DEBUG=1",
					"$(inherited)",
				);
				GCC_WARN_64_TO_32_BIT_CONVERSION = YES;
				GCC_WARN_ABOUT_RETURN_TYPE = YES_ERROR;
				GCC_WARN_UNDECLARED_SELECTOR = YES;
				GCC_WARN_UNINITIALIZED_AUTOS = YES_AGGRESSIVE;
				GCC_WARN_UNUSED_FUNCTION = YES;
				GCC_WARN_UNUSED_VARIABLE = YES;
				IPHONEOS_DEPLOYMENT_TARGET = 10.3;
				MTL_ENABLE_DEBUG_INFO = YES;
				ONLY_ACTIVE_ARCH = YES;
				SDKROOT = iphoneos;
				TARGETED_DEVICE_FAMILY = "1,2";
			};
			name = Debug;
		};
		9475A4591F6FB24E007AB367 /* Release */ = {
			isa = XCBuildConfiguration;
			buildSettings = {
				ALWAYS_SEARCH_USER_PATHS = NO;
				CLANG_ANALYZER_NONNULL = YES;
				CLANG_ANALYZER_NUMBER_OBJECT_CONVERSION = YES_AGGRESSIVE;
				CLANG_CXX_LANGUAGE_STANDARD = "gnu++0x";
				CLANG_CXX_LIBRARY = "libc++";
				CLANG_ENABLE_MODULES = YES;
				CLANG_ENABLE_OBJC_ARC = YES;
				CLANG_WARN_BOOL_CONVERSION = YES;
				CLANG_WARN_CONSTANT_CONVERSION = YES;
				CLANG_WARN_DIRECT_OBJC_ISA_USAGE = YES_ERROR;
				CLANG_WARN_DOCUMENTATION_COMMENTS = YES;
				CLANG_WARN_EMPTY_BODY = YES;
				CLANG_WARN_ENUM_CONVERSION = YES;
				CLANG_WARN_INFINITE_RECURSION = YES;
				CLANG_WARN_INT_CONVERSION = YES;
				CLANG_WARN_OBJC_ROOT_CLASS = YES_ERROR;
				CLANG_WARN_SUSPICIOUS_MOVE = YES;
				CLANG_WARN_UNREACHABLE_CODE = YES;
				CLANG_WARN__DUPLICATE_METHOD_MATCH = YES;
				"CODE_SIGN_IDENTITY[sdk=iphoneos*]" = "iPhone Developer";
				COPY_PHASE_STRIP = NO;
				DEBUG_INFORMATION_FORMAT = "dwarf-with-dsym";
				ENABLE_NS_ASSERTIONS = NO;
				ENABLE_STRICT_OBJC_MSGSEND = YES;
				GCC_C_LANGUAGE_STANDARD = gnu99;
				GCC_NO_COMMON_BLOCKS = YES;
				GCC_WARN_64_TO_32_BIT_CONVERSION = YES;
				GCC_WARN_ABOUT_RETURN_TYPE = YES_ERROR;
				GCC_WARN_UNDECLARED_SELECTOR = YES;
				GCC_WARN_UNINITIALIZED_AUTOS = YES_AGGRESSIVE;
				GCC_WARN_UNUSED_FUNCTION = YES;
				GCC_WARN_UNUSED_VARIABLE = YES;
				IPHONEOS_DEPLOYMENT_TARGET = 10.3;
				MTL_ENABLE_DEBUG_INFO = NO;
				SDKROOT = iphoneos;
				TARGETED_DEVICE_FAMILY = "1,2";
				VALIDATE_PRODUCT = YES;
			};
			name = Release;
		};
		9475A45B1F6FB24F007AB367 /* Debug */ = {
			isa = XCBuildConfiguration;
			buildSettings = {
				ASSETCATALOG_COMPILER_APPICON_NAME = AppIcon;
				DEVELOPMENT_TEAM = VSKDT9875W;
				INFOPLIST_FILE = ImagePickerDemo/Info.plist;
				LD_RUNPATH_SEARCH_PATHS = "$(inherited) @executable_path/Frameworks";
				PRODUCT_BUNDLE_IDENTIFIER = com.lerong.ImagePickerDemo;
				PRODUCT_NAME = "$(TARGET_NAME)";
			};
			name = Debug;
		};
		9475A45C1F6FB24F007AB367 /* Release */ = {
			isa = XCBuildConfiguration;
			buildSettings = {
				ASSETCATALOG_COMPILER_APPICON_NAME = AppIcon;
				DEVELOPMENT_TEAM = VSKDT9875W;
				INFOPLIST_FILE = ImagePickerDemo/Info.plist;
				LD_RUNPATH_SEARCH_PATHS = "$(inherited) @executable_path/Frameworks";
				PRODUCT_BUNDLE_IDENTIFIER = com.lerong.ImagePickerDemo;
				PRODUCT_NAME = "$(TARGET_NAME)";
			};
			name = Release;
		};
/* End XCBuildConfiguration section */

/* Begin XCConfigurationList section */
		9475A43E1F6FB24E007AB367 /* Build configuration list for PBXProject "ImagePickerDemo" */ = {
			isa = XCConfigurationList;
			buildConfigurations = (
				9475A4581F6FB24E007AB367 /* Debug */,
				9475A4591F6FB24E007AB367 /* Release */,
			);
			defaultConfigurationIsVisible = 0;
			defaultConfigurationName = Release;
		};
		9475A45A1F6FB24F007AB367 /* Build configuration list for PBXNativeTarget "ImagePickerDemo" */ = {
			isa = XCConfigurationList;
			buildConfigurations = (
				9475A45B1F6FB24F007AB367 /* Debug */,
				9475A45C1F6FB24F007AB367 /* Release */,
			);
			defaultConfigurationIsVisible = 0;
		};
/* End XCConfigurationList section */
	};
	rootObject = 9475A43B1F6FB24E007AB367 /* Project object */;
}
